
Microsoft Visual Studio Solution File, Format Version 12.00
# Visual Studio Version 17
VisualStudioVersion = 17.2.32616.157
MinimumVisualStudioVersion = 10.0.40219.1
Project("{FAE04EC0-301F-11D3-BF4B-00C04F79EFBC}") = "sortingLab", "sortingLab\sortingLab.csproj", "{62BB2420-8FD0-4F0C-94FC-05B1F41A5DDB}"
EndProject
Global
	GlobalSection(SolutionConfigurationPlatforms) = preSolution
		Debug|Any CPU = Debug|Any CPU
		Release|Any CPU = Release|Any CPU
	EndGlobalSection
	GlobalSection(ProjectConfigurationPlatforms) = postSolution
		{62BB2420-8FD0-4F0C-94FC-05B1F41A5DDB}.Debug|Any CPU.ActiveCfg = Debug|Any CPU
		{62BB2420-8FD0-4F0C-94FC-05B1F41A5DDB}.Debug|Any CPU.Build.0 = Debug|Any CPU
		{62BB2420-8FD0-4F0C-94FC-05B1F41A5DDB}.Release|Any CPU.ActiveCfg = Release|Any CPU
		{62BB2420-8FD0-4F0C-94FC-05B1F41A5DDB}.Release|Any CPU.Build.0 = Release|Any CPU
	EndGlobalSection
	GlobalSection(SolutionProperties) = preSolution
		HideSolutionNode = FALSE
	EndGlobalSection
	GlobalSection(ExtensibilityGlobals) = postSolution
		SolutionGuid = {98C8CEC2-F0ED-43B1-B853-117D3A059F29}
	EndGlobalSection
EndGlobal
